{"capabilities":[{"capability_path":"arsenal/capabilities/repository-truth.json","capability_sha256":"sha256:143282460626c442ca9f8a5b7934a2e66a681f6469947100b9f420f9a90876ed","evaluation":{"status":"unassessed","suite_asset_ids":[]},"exports":[{"adapter_version":"1.0.0","manifest_path":"distribution/agent-skills/repository-truth/arsenal-manifest.json","package_name":"repository-truth","package_sha256":"sha256:1ac18fa4937c1054f71d03493faf19c372f4beba42c42dc9a554a85436ca6dce","path":"distribution/agent-skills/repository-truth","target":"agent-skills"}],"id":"capability.repository-truth","lifecycle":"draft","primary_asset":{"id":"agent.repository-truth-audit","path":"agent_workflows/repository_truth_audit.md","sha256":"sha256:e40a8f743ed42cf6b75be8e22ee65d7332ca952916254a80f7463784711ef146"},"version":"0.1.0"}],"compiler_version":"0.1.0","plan_sha256":"sha256:12221e018ec35399106f6c8b149c4ff77ee7f4723ea4a243f4cdf578f170873e","schema_version":"1.0.0"}
