{"capabilities":[{"capability_path":"arsenal/capabilities/plan.json","capability_sha256":"sha256:8aa8861b046e8dc1c2836242740f74004f1983fbde53440fa3bf2305ea6f95d4","evaluation":{"status":"unassessed","suite_asset_ids":[]},"exports":[{"adapter_version":"1.0.0","manifest_path":"distribution/agent-skills/plan/arsenal-manifest.json","package_name":"plan","package_sha256":"sha256:3b57a27e3cd83ec5673d237a35bd90be0a6ed7ae444987a90e219a618f62d99f","path":"distribution/agent-skills/plan","target":"agent-skills"}],"id":"capability.plan","lifecycle":"draft","primary_asset":{"id":"agent.execution-plan","path":"agent_workflows/execution_plan_with_acceptance_gates.md","sha256":"sha256:bd6c89bb0e60550f9d63740d9af8ce692eaa88d1684d58cad9f68084b02bad15"},"version":"0.1.0"},{"capability_path":"arsenal/capabilities/repository-truth.json","capability_sha256":"sha256:b4540d1cba505f7540ad8906aa18b13033fad767e39c18d7d07a56de00d84f84","evaluation":{"status":"unassessed","suite_asset_ids":[]},"exports":[{"adapter_version":"1.0.0","manifest_path":"distribution/agent-skills/repository-truth/arsenal-manifest.json","package_name":"repository-truth","package_sha256":"sha256:3528d36a1c3c21421438e6a58e63d9634100f8f5c9b113e8752ae260fb9bde49","path":"distribution/agent-skills/repository-truth","target":"agent-skills"}],"id":"capability.repository-truth","lifecycle":"draft","primary_asset":{"id":"agent.repository-truth-audit","path":"agent_workflows/repository_truth_audit.md","sha256":"sha256:e40a8f743ed42cf6b75be8e22ee65d7332ca952916254a80f7463784711ef146"},"version":"0.1.0"}],"compiler_version":"0.1.0","plan_sha256":"sha256:dff035388f73dea5cae9649602bfd0c2ad471d2a8c02fd9eb5029ace0f78dcf9","schema_version":"1.0.0"}
