{"capabilities":[{"capability_path":"arsenal/capabilities/plan.json","capability_sha256":"sha256:1c71f2f396b09319e2d64138723897ae5047745a606f50e77410b66add66e7c2","evaluation":{"status":"unassessed","suite_asset_ids":[]},"exports":[{"adapter_version":"1.0.0","manifest_path":"distribution/agent-skills/plan/arsenal-manifest.json","package_name":"plan","package_sha256":"sha256:16c54c4cf5f8dfa0524b0ce5520b56c08966c8691d19035d203c08c204766dd7","path":"distribution/agent-skills/plan","target":"agent-skills"}],"id":"capability.plan","lifecycle":"draft","primary_asset":{"id":"agent.execution-plan","path":"agent_workflows/execution_plan_with_acceptance_gates.md","sha256":"sha256:bd6c89bb0e60550f9d63740d9af8ce692eaa88d1684d58cad9f68084b02bad15"},"version":"0.1.0"},{"capability_path":"arsenal/capabilities/repository-truth.json","capability_sha256":"sha256:70cedefb54715678e9f245cb4827f9e5502b27cac320632af2294d7756f080d4","evaluation":{"status":"unassessed","suite_asset_ids":[]},"exports":[{"adapter_version":"1.0.0","manifest_path":"distribution/agent-skills/repository-truth/arsenal-manifest.json","package_name":"repository-truth","package_sha256":"sha256:d7e992ce8e64a13c4d1f6a415b7e45fbaf91e28e5ac1e0a6116fd774d0e2dd96","path":"distribution/agent-skills/repository-truth","target":"agent-skills"}],"id":"capability.repository-truth","lifecycle":"draft","primary_asset":{"id":"agent.repository-truth-audit","path":"agent_workflows/repository_truth_audit.md","sha256":"sha256:e40a8f743ed42cf6b75be8e22ee65d7332ca952916254a80f7463784711ef146"},"version":"0.1.0"}],"compiler_version":"0.1.0","plan_sha256":"sha256:dff035388f73dea5cae9649602bfd0c2ad471d2a8c02fd9eb5029ace0f78dcf9","schema_version":"1.0.0"}
